
Microsoft Visual Studio Solution File, Format Version 12.00
# Visual Studio Version 17
VisualStudioVersion = 17.3.32929.385
MinimumVisualStudioVersion = 10.0.40219.1
Project("{9A19103F-16F7-4668-BE54-9A1E7A4F7556}") = "stage0", "stage0\stage0.csproj", "{CD54C867-9C32-4F58-A011-A2E83F19A4DD}"
EndProject
Project("{9A19103F-16F7-4668-BE54-9A1E7A4F7556}") = "DalFacade", "DalFacade\DalFacade.csproj", "{D5DD36E5-B44B-460D-BE9E-263125BB31D2}"
EndProject
Project("{9A19103F-16F7-4668-BE54-9A1E7A4F7556}") = "DalList", "DalList\DalList.csproj", "{0D47C5AC-838B-4E34-A963-37488E5F0716}"
EndProject
Project("{9A19103F-16F7-4668-BE54-9A1E7A4F7556}") = "DalTest", "DalTest\DalTest.csproj", "{56FC5DA6-EBF1-4A9F-A61A-BB9F730138BD}"
EndProject
Project("{9A19103F-16F7-4668-BE54-9A1E7A4F7556}") = "BL", "BL\BL.csproj", "{79333494-4CCB-407F-9775-A44C3F803674}"
EndProject
Project("{9A19103F-16F7-4668-BE54-9A1E7A4F7556}") = "BlTset", "BlTset\BlTset.csproj", "{77871C5B-CB9B-4256-82C3-690EEE1C1118}"
EndProject
Project("{2150E333-8FDC-42A3-9474-1A3956D46DE8}") = "xml", "xml", "{7577E38A-CAF7-4846-9560-E75B54AC9559}"
	ProjectSection(SolutionItems) = preProject
		xml\dal-config.xml = xml\dal-config.xml
	EndProjectSection
EndProject
Project("{FAE04EC0-301F-11D3-BF4B-00C04F79EFBC}") = "PL", "PL\PL.csproj", "{A655D13A-E77C-4A04-8070-C818DFB9505F}"
EndProject
Global
	GlobalSection(SolutionConfigurationPlatforms) = preSolution
		Debug|Any CPU = Debug|Any CPU
		Release|Any CPU = Release|Any CPU
	EndGlobalSection
	GlobalSection(ProjectConfigurationPlatforms) = postSolution
		{CD54C867-9C32-4F58-A011-A2E83F19A4DD}.Debug|Any CPU.ActiveCfg = Debug|Any CPU
		{CD54C867-9C32-4F58-A011-A2E83F19A4DD}.Debug|Any CPU.Build.0 = Debug|Any CPU
		{CD54C867-9C32-4F58-A011-A2E83F19A4DD}.Release|Any CPU.ActiveCfg = Release|Any CPU
		{CD54C867-9C32-4F58-A011-A2E83F19A4DD}.Release|Any CPU.Build.0 = Release|Any CPU
		{D5DD36E5-B44B-460D-BE9E-263125BB31D2}.Debug|Any CPU.ActiveCfg = Debug|Any CPU
		{D5DD36E5-B44B-460D-BE9E-263125BB31D2}.Debug|Any CPU.Build.0 = Debug|Any CPU
		{D5DD36E5-B44B-460D-BE9E-263125BB31D2}.Release|Any CPU.ActiveCfg = Release|Any CPU
		{D5DD36E5-B44B-460D-BE9E-263125BB31D2}.Release|Any CPU.Build.0 = Release|Any CPU
		{0D47C5AC-838B-4E34-A963-37488E5F0716}.Debug|Any CPU.ActiveCfg = Debug|Any CPU
		{0D47C5AC-838B-4E34-A963-37488E5F0716}.Debug|Any CPU.Build.0 = Debug|Any CPU
		{0D47C5AC-838B-4E34-A963-37488E5F0716}.Release|Any CPU.ActiveCfg = Release|Any CPU
		{0D47C5AC-838B-4E34-A963-37488E5F0716}.Release|Any CPU.Build.0 = Release|Any CPU
		{56FC5DA6-EBF1-4A9F-A61A-BB9F730138BD}.Debug|Any CPU.ActiveCfg = Debug|Any CPU
		{56FC5DA6-EBF1-4A9F-A61A-BB9F730138BD}.Debug|Any CPU.Build.0 = Debug|Any CPU
		{56FC5DA6-EBF1-4A9F-A61A-BB9F730138BD}.Release|Any CPU.ActiveCfg = Release|Any CPU
		{56FC5DA6-EBF1-4A9F-A61A-BB9F730138BD}.Release|Any CPU.Build.0 = Release|Any CPU
		{79333494-4CCB-407F-9775-A44C3F803674}.Debug|Any CPU.ActiveCfg = Debug|Any CPU
		{79333494-4CCB-407F-9775-A44C3F803674}.Debug|Any CPU.Build.0 = Debug|Any CPU
		{79333494-4CCB-407F-9775-A44C3F803674}.Release|Any CPU.ActiveCfg = Release|Any CPU
		{79333494-4CCB-407F-9775-A44C3F803674}.Release|Any CPU.Build.0 = Release|Any CPU
		{77871C5B-CB9B-4256-82C3-690EEE1C1118}.Debug|Any CPU.ActiveCfg = Debug|Any CPU
		{77871C5B-CB9B-4256-82C3-690EEE1C1118}.Debug|Any CPU.Build.0 = Debug|Any CPU
		{77871C5B-CB9B-4256-82C3-690EEE1C1118}.Release|Any CPU.ActiveCfg = Release|Any CPU
		{77871C5B-CB9B-4256-82C3-690EEE1C1118}.Release|Any CPU.Build.0 = Release|Any CPU
		{A655D13A-E77C-4A04-8070-C818DFB9505F}.Debug|Any CPU.ActiveCfg = Debug|Any CPU
		{A655D13A-E77C-4A04-8070-C818DFB9505F}.Debug|Any CPU.Build.0 = Debug|Any CPU
		{A655D13A-E77C-4A04-8070-C818DFB9505F}.Release|Any CPU.ActiveCfg = Release|Any CPU
		{A655D13A-E77C-4A04-8070-C818DFB9505F}.Release|Any CPU.Build.0 = Release|Any CPU
	EndGlobalSection
	GlobalSection(SolutionProperties) = preSolution
		HideSolutionNode = FALSE
	EndGlobalSection
	GlobalSection(ExtensibilityGlobals) = postSolution
		SolutionGuid = {8CB37E99-F304-4A3F-B0FF-BFC7D3CEDF0B}
	EndGlobalSection
EndGlobal
